
Microsoft Visual Studio Solution File, Format Version 12.00
# Visual Studio Version 16
VisualStudioVersion = 16.0.32929.386
MinimumVisualStudioVersion = 10.0.40219.1
Project("{FAE04EC0-301F-11D3-BF4B-00C04F79EFBC}") = "Web3-Assignment3-ContactUs", "Web3-Assignment3-ContactUs.csproj", "{094B4D80-A447-463D-9D16-F9745861734C}"
EndProject
Global
	GlobalSection(SolutionConfigurationPlatforms) = preSolution
		Debug|Any CPU = Debug|Any CPU
		Release|Any CPU = Release|Any CPU
	EndGlobalSection
	GlobalSection(ProjectConfigurationPlatforms) = postSolution
		{094B4D80-A447-463D-9D16-F9745861734C}.Debug|Any CPU.ActiveCfg = Debug|Any CPU
		{094B4D80-A447-463D-9D16-F9745861734C}.Debug|Any CPU.Build.0 = Debug|Any CPU
		{094B4D80-A447-463D-9D16-F9745861734C}.Release|Any CPU.ActiveCfg = Release|Any CPU
		{094B4D80-A447-463D-9D16-F9745861734C}.Release|Any CPU.Build.0 = Release|Any CPU
	EndGlobalSection
	GlobalSection(SolutionProperties) = preSolution
		HideSolutionNode = FALSE
	EndGlobalSection
	GlobalSection(ExtensibilityGlobals) = postSolution
		SolutionGuid = {8C401DAB-8702-40AD-BFE7-78A4FB28A01E}
	EndGlobalSection
EndGlobal
